
Microsoft Visual Studio Solution File, Format Version 12.00
# Visual Studio Express 2012 for Windows Desktop
Project("{FAE04EC0-301F-11D3-BF4B-00C04F79EFBC}") = "Homework7", "Homework7\Homework7.csproj", "{AD7C411D-2A85-4A15-9830-839C459EA65B}"
EndProject
Global
	GlobalSection(SolutionConfigurationPlatforms) = preSolution
		Debug|Any CPU = Debug|Any CPU
		Release|Any CPU = Release|Any CPU
	EndGlobalSection
	GlobalSection(ProjectConfigurationPlatforms) = postSolution
		{AD7C411D-2A85-4A15-9830-839C459EA65B}.Debug|Any CPU.ActiveCfg = Debug|Any CPU
		{AD7C411D-2A85-4A15-9830-839C459EA65B}.Debug|Any CPU.Build.0 = Debug|Any CPU
		{AD7C411D-2A85-4A15-9830-839C459EA65B}.Release|Any CPU.ActiveCfg = Release|Any CPU
		{AD7C411D-2A85-4A15-9830-839C459EA65B}.Release|Any CPU.Build.0 = Release|Any CPU
	EndGlobalSection
	GlobalSection(SolutionProperties) = preSolution
		HideSolutionNode = FALSE
	EndGlobalSection
EndGlobal
